
Microsoft Visual Studio Solution File, Format Version 12.00
# Visual Studio Version 17
VisualStudioVersion = 17.0.32014.148
MinimumVisualStudioVersion = 10.0.40219.1
Project("{FAE04EC0-301F-11D3-BF4B-00C04F79EFBC}") = "TestSelenium", "TestSelenium\TestSelenium.csproj", "{1257F8CF-82EF-4148-8A67-E89C37DAB1AB}"
EndProject
Global
	GlobalSection(SolutionConfigurationPlatforms) = preSolution
		Debug|Any CPU = Debug|Any CPU
		Release|Any CPU = Release|Any CPU
	EndGlobalSection
	GlobalSection(ProjectConfigurationPlatforms) = postSolution
		{1257F8CF-82EF-4148-8A67-E89C37DAB1AB}.Debug|Any CPU.ActiveCfg = Debug|Any CPU
		{1257F8CF-82EF-4148-8A67-E89C37DAB1AB}.Debug|Any CPU.Build.0 = Debug|Any CPU
		{1257F8CF-82EF-4148-8A67-E89C37DAB1AB}.Release|Any CPU.ActiveCfg = Release|Any CPU
		{1257F8CF-82EF-4148-8A67-E89C37DAB1AB}.Release|Any CPU.Build.0 = Release|Any CPU
	EndGlobalSection
	GlobalSection(SolutionProperties) = preSolution
		HideSolutionNode = FALSE
	EndGlobalSection
	GlobalSection(ExtensibilityGlobals) = postSolution
		SolutionGuid = {CAA72C9A-DDD8-47F9-A416-2AF5EC5DC197}
	EndGlobalSection
EndGlobal
